# This file is autogenerated, do not edit; changes may be undone by the next 'dep ensure'.


[[projects]]
  name = "github.com/jakeschurch/instruments"
  packages = [
    ".",
    "internal/ordering"
  ]
  revision = "c0ba8d2d903e1cfed84b2aa6032541b711993b77"
  version = "0.1.0"

[[projects]]
  name = "github.com/pkg/errors"
  packages = ["."]
  revision = "645ef00459ed84a119197bfb8d8205042c6df63d"
  version = "v0.8.0"

[solve-meta]
  analyzer-name = "dep"
  analyzer-version = 1
  inputs-digest = "290785bb5df825074737207c1b152f9ef305b6a52d9d8e56595e3bff41b0b5ec"
  solver-name = "gps-cdcl"
  solver-version = 1
